<?xml version="1.0" encoding="utf-8"?>
<Project ToolsVersion="4.0" xmlns="http://schemas.microsoft.com/developer/msbuild/2003">
  <ItemGroup>
    <Filter Include="Source Files">
      <UniqueIdentifier>{4FC737F1-C7A5-4376-A066-2A32D752A2FF}</UniqueIdentifier>
      <Extensions>cpp;c;cc;cxx;c++;cppm;ixx;def;odl;idl;hpj;bat;asm;asmx</Extensions>
    </Filter>
    <Filter Include="Header Files">
      <UniqueIdentifier>{93995380-89BD-4b04-88EB-625FBE52EBFB}</UniqueIdentifier>
      <Extensions>h;hh;hpp;hxx;h++;hm;inl;inc;ipp;xsd</Extensions>
    </Filter>
    <Filter Include="Resource Files">
      <UniqueIdentifier>{67DA6AB6-F800-4c08-8B7A-83BB121AAD01}</UniqueIdentifier>
      <Extensions>rc;ico;cur;bmp;dlg;rc2;rct;bin;rgs;gif;jpg;jpeg;jpe;resx;tiff;tif;png;wav;mfcribbon-ms</Extensions>
    </Filter>
    <Filter Include="Header Files\PARTY">
      <UniqueIdentifier>{a9f01c2d-4c0e-4401-8439-2af7fc9177a6}</UniqueIdentifier>
    </Filter>
    <Filter Include="Source Files\PARTY">
      <UniqueIdentifier>{7f24b6ff-32c1-43b3-8bfc-b57286fb1993}</UniqueIdentifier>
    </Filter>
    <Filter Include="Header Files\BaseFw">
      <UniqueIdentifier>{a81ac3be-19d4-405a-89ec-ea3b73ba820c}</UniqueIdentifier>
    </Filter>
    <Filter Include="Source Files\BaseFw">
      <UniqueIdentifier>{46ab9c4c-25bd-4132-b5ea-67af39d91f5f}</UniqueIdentifier>
    </Filter>
  </ItemGroup>
  <ItemGroup>
    <ClCompile Include="src\renderTools.c">
      <Filter>Source Files</Filter>
    </ClCompile>
    <ClCompile Include="src\ball.c">
      <Filter>Source Files\BaseFw</Filter>
    </ClCompile>
    <ClCompile Include="src\face.c">
      <Filter>Source Files\BaseFw</Filter>
    </ClCompile>
    <ClCompile Include="src\field.c">
      <Filter>Source Files\BaseFw</Filter>
    </ClCompile>
    <ClCompile Include="src\game.c">
      <Filter>Source Files\BaseFw</Filter>
    </ClCompile>
    <ClCompile Include="src\levelmgr.c">
      <Filter>Source Files\BaseFw</Filter>
    </ClCompile>
    <ClCompile Include="src\object.c">
      <Filter>Source Files\BaseFw</Filter>
    </ClCompile>
    <ClCompile Include="src\objmgr.c">
      <Filter>Source Files\BaseFw</Filter>
    </ClCompile>
    <ClCompile Include="src\random.c">
      <Filter>Source Files\BaseFw</Filter>
    </ClCompile>
    <ClCompile Include="src\shape.c">
      <Filter>Source Files\BaseFw</Filter>
    </ClCompile>
    <ClCompile Include="src\grid.c">
      <Filter>Source Files\PARTY</Filter>
    </ClCompile>
    <ClCompile Include="src\guest.c">
      <Filter>Source Files\PARTY</Filter>
    </ClCompile>
    <ClCompile Include="src\tile.c">
      <Filter>Source Files\PARTY</Filter>
    </ClCompile>
    <ClCompile Include="src\inputcontext.c">
      <Filter>Source Files\PARTY</Filter>
    </ClCompile>
  </ItemGroup>
  <ItemGroup>
    <ClInclude Include="renderTools.h">
      <Filter>Header Files</Filter>
    </ClInclude>
    <ClInclude Include="include\ball.h">
      <Filter>Header Files\BaseFw</Filter>
    </ClInclude>
    <ClInclude Include="include\face.h">
      <Filter>Header Files\BaseFw</Filter>
    </ClInclude>
    <ClInclude Include="include\field.h">
      <Filter>Header Files\BaseFw</Filter>
    </ClInclude>
    <ClInclude Include="include\levelmgr.h">
      <Filter>Header Files\BaseFw</Filter>
    </ClInclude>
    <ClInclude Include="include\object.h">
      <Filter>Header Files\BaseFw</Filter>
    </ClInclude>
    <ClInclude Include="include\objmgr.h">
      <Filter>Header Files\BaseFw</Filter>
    </ClInclude>
    <ClInclude Include="include\random.h">
      <Filter>Header Files\BaseFw</Filter>
    </ClInclude>
    <ClInclude Include="include\shape.h">
      <Filter>Header Files\BaseFw</Filter>
    </ClInclude>
    <ClInclude Include="include\tile.h">
      <Filter>Header Files\PARTY</Filter>
    </ClInclude>
    <ClInclude Include="include\inputcontext.h">
      <Filter>Header Files\PARTY</Filter>
    </ClInclude>
    <ClInclude Include="include\grid.h">
      <Filter>Header Files\PARTY</Filter>
    </ClInclude>
    <ClInclude Include="include\guest.h">
      <Filter>Header Files\PARTY</Filter>
    </ClInclude>
  </ItemGroup>
  <ItemGroup>
    <Xml Include="asset\connectionmap.xml" />
    <Xml Include="asset\connections.xml" />
    <Xml Include="asset\settings.xml" />
  </ItemGroup>
  <ItemGroup>
    <CopyFileToFolders Include="asset\snoods_default.png">
      <Filter>Resource Files</Filter>
    </CopyFileToFolders>
    <CopyFileToFolders Include="asset\beep.wav">
      <Filter>Resource Files</Filter>
    </CopyFileToFolders>
  </ItemGroup>
</Project>